// !$*UTF8*$!
{
	archiveVersion = 1;
	classes = {
	};
	objectVersion = 46;
	objects = {

/* Begin PBXBuildFile section */
		1E188E4D1E12656200E4BC40 /* AppDelegate.swift in Sources */ = {isa = PBXBuildFile; fileRef = 1E188E4C1E12656200E4BC40 /* AppDelegate.swift */; };
		1E188E4F1E12656200E4BC40 /* ViewController.swift in Sources */ = {isa = PBXBuildFile; fileRef = 1E188E4E1E12656200E4BC40 /* ViewController.swift */; };
		1E188E521E12656200E4BC40 /* Main.storyboard in Resources */ = {isa = PBXBuildFile; fileRef = 1E188E501E12656200E4BC40 /* Main.storyboard */; };
		1E188E541E12656200E4BC40 /* Assets.xcassets in Resources */ = {isa = PBXBuildFile; fileRef = 1E188E531E12656200E4BC40 /* Assets.xcassets */; };
		1E188E571E12656200E4BC40 /* LaunchScreen.storyboard in Resources */ = {isa = PBXBuildFile; fileRef = 1E188E551E12656200E4BC40 /* LaunchScreen.storyboard */; };
		1E188E5F1E1271C400E4BC40 /* Iphone-6s-Wallpapers-HD-1080x1920-3.jpg in Resources */ = {isa = PBXBuildFile; fileRef = 1E188E5E1E1271C400E4BC40 /* Iphone-6s-Wallpapers-HD-1080x1920-3.jpg */; };
/* End PBXBuildFile section */

/* Begin PBXFileReference section */
		1E188E491E12656200E4BC40 /* EzLogin.app */ = {isa = PBXFileReference; explicitFileType = wrapper.application; includeInIndex = 0; path = EzLogin.app; sourceTree = BUILT_PRODUCTS_DIR; };
		1E188E4C1E12656200E4BC40 /* AppDelegate.swift */ = {isa = PBXFileReference; lastKnownFileType = sourcecode.swift; path = AppDelegate.swift; sourceTree = "<group>"; };
		1E188E4E1E12656200E4BC40 /* ViewController.swift */ = {isa = PBXFileReference; lastKnownFileType = sourcecode.swift; path = ViewController.swift; sourceTree = "<group>"; };
		1E188E511E12656200E4BC40 /* Base */ = {isa = PBXFileReference; lastKnownFileType = file.storyboard; name = Base; path = Base.lproj/Main.storyboard; sourceTree = "<group>"; };
		1E188E531E12656200E4BC40 /* Assets.xcassets */ = {isa = PBXFileReference; lastKnownFileType = folder.assetcatalog; path = Assets.xcassets; sourceTree = "<group>"; };
		1E188E561E12656200E4BC40 /* Base */ = {isa = PBXFileReference; lastKnownFileType = file.storyboard; name = Base; path = Base.lproj/LaunchScreen.storyboard; sourceTree = "<group>"; };
		1E188E581E12656200E4BC40 /* Info.plist */ = {isa = PBXFileReference; lastKnownFileType = text.plist.xml; path = Info.plist; sourceTree = "<group>"; };
		1E188E5E1E1271C400E4BC40 /* Iphone-6s-Wallpapers-HD-1080x1920-3.jpg */ = {isa = PBXFileReference; lastKnownFileType = image.jpeg; path = "Iphone-6s-Wallpapers-HD-1080x1920-3.jpg"; sourceTree = "<group>"; };
/* End PBXFileReference section */

/* Begin PBXFrameworksBuildPhase section */
		1E188E461E12656200E4BC40 /* Frameworks */ = {
			isa = PBXFrameworksBuildPhase;
			buildActionMask = 2147483647;
			files = (
			);
			runOnlyForDeploymentPostprocessing = 0;
		};
/* End PBXFrameworksBuildPhase section */

/* Begin PBXGroup section */
		1E188E401E12656200E4BC40 = {
			isa = PBXGroup;
			children = (
				1E188E4B1E12656200E4BC40 /* EzLogin */,
				1E188E4A1E12656200E4BC40 /* Products */,
			);
			sourceTree = "<group>";
		};
		1E188E4A1E12656200E4BC40 /* Products */ = {
			isa = PBXGroup;
			children = (
				1E188E491E12656200E4BC40 /* EzLogin.app */,
			);
			name = Products;
			sourceTree = "<group>";
		};
		1E188E4B1E12656200E4BC40 /* EzLogin */ = {
			isa = PBXGroup;
			children = (
				1E188E5E1E1271C400E4BC40 /* Iphone-6s-Wallpapers-HD-1080x1920-3.jpg */,
				1E188E4C1E12656200E4BC40 /* AppDelegate.swift */,
				1E188E4E1E12656200E4BC40 /* ViewController.swift */,
				1E188E501E12656200E4BC40 /* Main.storyboard */,
				1E188E531E12656200E4BC40 /* Assets.xcassets */,
				1E188E551E12656200E4BC40 /* LaunchScreen.storyboard */,
				1E188E581E12656200E4BC40 /* Info.plist */,
			);
			path = EzLogin;
			sourceTree = "<group>";
		};
/* End PBXGroup section */

/* Begin PBXNativeTarget section */
		1E188E481E12656200E4BC40 /* EzLogin */ = {
			isa = PBXNativeTarget;
			buildConfigurationList = 1E188E5B1E12656200E4BC40 /* Build configuration list for PBXNativeTarget "EzLogin" */;
			buildPhases = (
				1E188E451E12656200E4BC40 /* Sources */,
				1E188E461E12656200E4BC40 /* Frameworks */,
				1E188E471E12656200E4BC40 /* Resources */,
			);
			buildRules = (
			);
			dependencies = (
			);
			name = EzLogin;
			productName = EzLogin;
			productReference = 1E188E491E12656200E4BC40 /* EzLogin.app */;
			productType = "com.apple.product-type.application";
		};
/* End PBXNativeTarget section */

/* Begin PBXProject section */
		1E188E411E12656200E4BC40 /* Project object */ = {
			isa = PBXProject;
			attributes = {
				LastSwiftUpdateCheck = 0800;
				LastUpgradeCheck = 0800;
				ORGANIZATIONNAME = tek4fun;
				TargetAttributes = {
					1E188E481E12656200E4BC40 = {
						CreatedOnToolsVersion = 8.0;
						ProvisioningStyle = Automatic;
					};
				};
			};
			buildConfigurationList = 1E188E441E12656200E4BC40 /* Build configuration list for PBXProject "EzLogin" */;
			compatibilityVersion = "Xcode 3.2";
			developmentRegion = English;
			hasScannedForEncodings = 0;
			knownRegions = (
				en,
				Base,
			);
			mainGroup = 1E188E401E12656200E4BC40;
			productRefGroup = 1E188E4A1E12656200E4BC40 /* Products */;
			projectDirPath = "";
			projectRoot = "";
			targets = (
				1E188E481E12656200E4BC40 /* EzLogin */,
			);
		};
/* End PBXProject section */

/* Begin PBXResourcesBuildPhase section */
		1E188E471E12656200E4BC40 /* Resources */ = {
			isa = PBXResourcesBuildPhase;
			buildActionMask = 2147483647;
			files = (
				1E188E571E12656200E4BC40 /* LaunchScreen.storyboard in Resources */,
				1E188E541E12656200E4BC40 /* Assets.xcassets in Resources */,
				1E188E5F1E1271C400E4BC40 /* Iphone-6s-Wallpapers-HD-1080x1920-3.jpg in Resources */,
				1E188E521E12656200E4BC40 /* Main.storyboard in Resources */,
			);
			runOnlyForDeploymentPostprocessing = 0;
		};
/* End PBXResourcesBuildPhase section */

/* Begin PBXSourcesBuildPhase section */
		1E188E451E12656200E4BC40 /* Sources */ = {
			isa = PBXSourcesBuildPhase;
			buildActionMask = 2147483647;
			files = (
				1E188E4F1E12656200E4BC40 /* ViewController.swift in Sources */,
				1E188E4D1E12656200E4BC40 /* AppDelegate.swift in Sources */,
			);
			runOnlyForDeploymentPostprocessing = 0;
		};
/* End PBXSourcesBuildPhase section */

/* Begin PBXVariantGroup section */
		1E188E501E12656200E4BC40 /* Main.storyboard */ = {
			isa = PBXVariantGroup;
			children = (
				1E188E511E12656200E4BC40 /* Base */,
			);
			name = Main.storyboard;
			sourceTree = "<group>";
		};
		1E188E551E12656200E4BC40 /* LaunchScreen.storyboard */ = {
			isa = PBXVariantGroup;
			children = (
				1E188E561E12656200E4BC40 /* Base */,
			);
			name = LaunchScreen.storyboard;
			sourceTree = "<group>";
		};
/* End PBXVariantGroup section */

/* Begin XCBuildConfiguration section */
		1E188E591E12656200E4BC40 /* Debug */ = {
			isa = XCBuildConfiguration;
			buildSettings = {
				ALWAYS_SEARCH_USER_PATHS = NO;
				CLANG_ANALYZER_NONNULL = YES;
				CLANG_CXX_LANGUAGE_STANDARD = "gnu++0x";
				CLANG_CXX_LIBRARY = "libc++";
				CLANG_ENABLE_MODULES = YES;
				CLANG_ENABLE_OBJC_ARC = YES;
				CLANG_WARN_BOOL_CONVERSION = YES;
				CLANG_WARN_CONSTANT_CONVERSION = YES;
				CLANG_WARN_DIRECT_OBJC_ISA_USAGE = YES_ERROR;
				CLANG_WARN_DOCUMENTATION_COMMENTS = YES;
				CLANG_WARN_EMPTY_BODY = YES;
				CLANG_WARN_ENUM_CONVERSION = YES;
				CLANG_WARN_INFINITE_RECURSION = YES;
				CLANG_WARN_INT_CONVERSION = YES;
				CLANG_WARN_OBJC_ROOT_CLASS = YES_ERROR;
				CLANG_WARN_SUSPICIOUS_MOVES = YES;
				CLANG_WARN_UNREACHABLE_CODE = YES;
				CLANG_WARN__DUPLICATE_METHOD_MATCH = YES;
				"CODE_SIGN_IDENTITY[sdk=iphoneos*]" = "iPhone Developer";
				COPY_PHASE_STRIP = NO;
				DEBUG_INFORMATION_FORMAT = dwarf;
				ENABLE_STRICT_OBJC_MSGSEND = YES;
				ENABLE_TESTABILITY = YES;
				GCC_C_LANGUAGE_STANDARD = gnu99;
				GCC_DYNAMIC_NO_PIC = NO;
				GCC_NO_COMMON_BLOCKS = YES;
				GCC_OPTIMIZATION_LEVEL = 0;
				GCC_PREPROCESSOR_DEFINITIONS = (
					"DEBUG=1",
					"$(inherited)",
				);
				GCC_WARN_64_TO_32_BIT_CONVERSION = YES;
				GCC_WARN_ABOUT_RETURN_TYPE = YES_ERROR;
				GCC_WARN_UNDECLARED_SELECTOR = YES;
				GCC_WARN_UNINITIALIZED_AUTOS = YES_AGGRESSIVE;
				GCC_WARN_UNUSED_FUNCTION = YES;
				GCC_WARN_UNUSED_VARIABLE = YES;
				IPHONEOS_DEPLOYMENT_TARGET = 10.0;
				MTL_ENABLE_DEBUG_INFO = YES;
				ONLY_ACTIVE_ARCH = YES;
				SDKROOT = iphoneos;
				SWIFT_ACTIVE_COMPILATION_CONDITIONS = DEBUG;
				SWIFT_OPTIMIZATION_LEVEL = "-Onone";
				TARGETED_DEVICE_FAMILY = "1,2";
			};
			name = Debug;
		};
		1E188E5A1E12656200E4BC40 /* Release */ = {
			isa = XCBuildConfiguration;
			buildSettings = {
				ALWAYS_SEARCH_USER_PATHS = NO;
				CLANG_ANALYZER_NONNULL = YES;
				CLANG_CXX_LANGUAGE_STANDARD = "gnu++0x";
				CLANG_CXX_LIBRARY = "libc++";
				CLANG_ENABLE_MODULES = YES;
				CLANG_ENABLE_OBJC_ARC = YES;
				CLANG_WARN_BOOL_CONVERSION = YES;
				CLANG_WARN_CONSTANT_CONVERSION = YES;
				CLANG_WARN_DIRECT_OBJC_ISA_USAGE = YES_ERROR;
				CLANG_WARN_DOCUMENTATION_COMMENTS = YES;
				CLANG_WARN_EMPTY_BODY = YES;
				CLANG_WARN_ENUM_CONVERSION = YES;
				CLANG_WARN_INFINITE_RECURSION = YES;
				CLANG_WARN_INT_CONVERSION = YES;
				CLANG_WARN_OBJC_ROOT_CLASS = YES_ERROR;
				CLANG_WARN_SUSPICIOUS_MOVES = YES;
				CLANG_WARN_UNREACHABLE_CODE = YES;
				CLANG_WARN__DUPLICATE_METHOD_MATCH = YES;
				"CODE_SIGN_IDENTITY[sdk=iphoneos*]" = "iPhone Developer";
				COPY_PHASE_STRIP = NO;
				DEBUG_INFORMATION_FORMAT = "dwarf-with-dsym";
				ENABLE_NS_ASSERTIONS = NO;
				ENABLE_STRICT_OBJC_MSGSEND = YES;
				GCC_C_LANGUAGE_STANDARD = gnu99;
				GCC_NO_COMMON_BLOCKS = YES;
				GCC_WARN_64_TO_32_BIT_CONVERSION = YES;
				GCC_WARN_ABOUT_RETURN_TYPE = YES_ERROR;
				GCC_WARN_UNDECLARED_SELECTOR = YES;
				GCC_WARN_UNINITIALIZED_AUTOS = YES_AGGRESSIVE;
				GCC_WARN_UNUSED_FUNCTION = YES;
				GCC_WARN_UNUSED_VARIABLE = YES;
				IPHONEOS_DEPLOYMENT_TARGET = 10.0;
				MTL_ENABLE_DEBUG_INFO = NO;
				SDKROOT = iphoneos;
				SWIFT_OPTIMIZATION_LEVEL = "-Owholemodule";
				TARGETED_DEVICE_FAMILY = "1,2";
				VALIDATE_PRODUCT = YES;
			};
			name = Release;
		};
		1E188E5C1E12656200E4BC40 /* Debug */ = {
			isa = XCBuildConfiguration;
			buildSettings = {
				ASSETCATALOG_COMPILER_APPICON_NAME = AppIcon;
				INFOPLIST_FILE = EzLogin/Info.plist;
				LD_RUNPATH_SEARCH_PATHS = "$(inherited) @executable_path/Frameworks";
				PRODUCT_BUNDLE_IDENTIFIER = vn.techmaster.EzLogin;
				PRODUCT_NAME = "$(TARGET_NAME)";
				SWIFT_VERSION = 3.0;
			};
			name = Debug;
		};
		1E188E5D1E12656200E4BC40 /* Release */ = {
			isa = XCBuildConfiguration;
			buildSettings = {
				ASSETCATALOG_COMPILER_APPICON_NAME = AppIcon;
				INFOPLIST_FILE = EzLogin/Info.plist;
				LD_RUNPATH_SEARCH_PATHS = "$(inherited) @executable_path/Frameworks";
				PRODUCT_BUNDLE_IDENTIFIER = vn.techmaster.EzLogin;
				PRODUCT_NAME = "$(TARGET_NAME)";
				SWIFT_VERSION = 3.0;
			};
			name = Release;
		};
/* End XCBuildConfiguration section */

/* Begin XCConfigurationList section */
		1E188E441E12656200E4BC40 /* Build configuration list for PBXProject "EzLogin" */ = {
			isa = XCConfigurationList;
			buildConfigurations = (
				1E188E591E12656200E4BC40 /* Debug */,
				1E188E5A1E12656200E4BC40 /* Release */,
			);
			defaultConfigurationIsVisible = 0;
			defaultConfigurationName = Release;
		};
		1E188E5B1E12656200E4BC40 /* Build configuration list for PBXNativeTarget "EzLogin" */ = {
			isa = XCConfigurationList;
			buildConfigurations = (
				1E188E5C1E12656200E4BC40 /* Debug */,
				1E188E5D1E12656200E4BC40 /* Release */,
			);
			defaultConfigurationIsVisible = 0;
		};
/* End XCConfigurationList section */
	};
	rootObject = 1E188E411E12656200E4BC40 /* Project object */;
}
